
Microsoft Visual Studio Solution File, Format Version 12.00
# Visual Studio Version 18
VisualStudioVersion = 18.3.11222.16
MinimumVisualStudioVersion = 10.0.40219.1
Project("{2150E333-8FDC-42A3-9474-1A3956D46DE8}") = "ServiceProviders", "ServiceProviders", "{02EA681E-C7D8-13C7-8484-4AC65E1B71E8}"
EndProject
Project("{2150E333-8FDC-42A3-9474-1A3956D46DE8}") = "Clients", "Clients", "{689085BC-C679-4DF9-8041-D9A2A0A8CBE6}"
EndProject
Project("{2150E333-8FDC-42A3-9474-1A3956D46DE8}") = "ApiGateway", "ApiGateway", "{C212DFE8-7B43-47BC-B2D9-B9D7DF7447D3}"
EndProject
Project("{2150E333-8FDC-42A3-9474-1A3956D46DE8}") = "AuthService", "AuthService", "{C49C08D7-28BC-4654-A195-F97F5D91D6D1}"
EndProject
Project("{2150E333-8FDC-42A3-9474-1A3956D46DE8}") = "1.Core", "1.Core", "{A4020123-3434-4E96-BEE3-C356AFD986BA}"
EndProject
Project("{2150E333-8FDC-42A3-9474-1A3956D46DE8}") = "2.Infra", "2.Infra", "{3B1143B3-51FB-4684-A463-36212E423A4A}"
EndProject
Project("{2150E333-8FDC-42A3-9474-1A3956D46DE8}") = "3.EndPoint", "3.EndPoint", "{750A8068-1B68-443E-8239-251E5B2031D8}"
EndProject
Project("{2150E333-8FDC-42A3-9474-1A3956D46DE8}") = "ProductService", "ProductService", "{99B468D9-8CCF-46A6-98FE-B6196539AE54}"
EndProject
Project("{2150E333-8FDC-42A3-9474-1A3956D46DE8}") = "SupportService", "SupportService", "{84C6FF7D-11DA-4F6A-8407-A618E4433D33}"
EndProject
Project("{2150E333-8FDC-42A3-9474-1A3956D46DE8}") = "1.Core", "1.Core", "{F25D01DD-7D45-4521-A330-CBC4C80042AF}"
EndProject
Project("{2150E333-8FDC-42A3-9474-1A3956D46DE8}") = "2.Infra", "2.Infra", "{71363ECA-9FE3-4444-9DA2-1492F8B33122}"
EndProject
Project("{2150E333-8FDC-42A3-9474-1A3956D46DE8}") = "3.EndPoint", "3.EndPoint", "{A12ECD6F-AD9A-49FA-93DA-C84EDD7C6BC1}"
EndProject
Project("{2150E333-8FDC-42A3-9474-1A3956D46DE8}") = "3.EndPoint", "3.EndPoint", "{8B24B3FA-0625-44CD-821A-C2DFCCEB21BD}"
EndProject
Project("{2150E333-8FDC-42A3-9474-1A3956D46DE8}") = "2.Infra", "2.Infra", "{F499E5B2-A84B-4EB6-BA3B-D165D6F97796}"
EndProject
Project("{2150E333-8FDC-42A3-9474-1A3956D46DE8}") = "1.Core", "1.Core", "{7692B8FA-593C-4587-BD56-51782652C4A3}"
EndProject
Project("{2150E333-8FDC-42A3-9474-1A3956D46DE8}") = "AuthClient", "AuthClient", "{61301356-FB0D-41E5-9834-041AB880C382}"
EndProject
Project("{2150E333-8FDC-42A3-9474-1A3956D46DE8}") = "ProductClient", "ProductClient", "{F06D3E0F-C78A-414C-B434-60302DC431F9}"
EndProject
Project("{2150E333-8FDC-42A3-9474-1A3956D46DE8}") = "SupportClient", "SupportClient", "{B6C6A207-BD67-4137-A4C7-2060744747BD}"
EndProject
Project("{FAE04EC0-301F-11D3-BF4B-00C04F79EFBC}") = "WebApiGateway", "ApiGateway\WebApiGateway\WebApiGateway.csproj", "{97FFD5A3-35C8-4FB9-A84C-29A993F94CD7}"
EndProject
Project("{FAE04EC0-301F-11D3-BF4B-00C04F79EFBC}") = "AuthService.Core.Domain", "ServiceProviders\AuthService\1.Core\AuthService.Core.Domain\AuthService.Core.Domain.csproj", "{D2F04E23-1693-4B67-8E4F-C18F6D313D2C}"
EndProject
Project("{FAE04EC0-301F-11D3-BF4B-00C04F79EFBC}") = "AuthService.Core.Application", "ServiceProviders\AuthService\1.Core\AuthService.Core.Application\AuthService.Core.Application.csproj", "{1129ACEB-569B-45EE-8D7B-2BA3A34F0EE4}"
EndProject
Project("{FAE04EC0-301F-11D3-BF4B-00C04F79EFBC}") = "AuthService.Infra.Data", "ServiceProviders\AuthService\2.Infra\AuthService.Infra.Data\AuthService.Infra.Data.csproj", "{CF72EA0D-35D9-4237-BDA3-DA21471AF06F}"
EndProject
Project("{FAE04EC0-301F-11D3-BF4B-00C04F79EFBC}") = "AuthService.EndPoint.WebApi", "ServiceProviders\AuthService\3.EndPoint\AuthService.EndPoint.WebApi\AuthService.EndPoint.WebApi.csproj", "{E5602AAD-83B8-4E00-8834-178E4FD37EE2}"
EndProject
Project("{FAE04EC0-301F-11D3-BF4B-00C04F79EFBC}") = "ProductService.Core.Domain", "ServiceProviders\ProductService\1.Core\ProductService.Core.Domain\ProductService.Core.Domain.csproj", "{454912CE-AD8E-4954-BDB2-3DF3777D180C}"
EndProject
Project("{FAE04EC0-301F-11D3-BF4B-00C04F79EFBC}") = "ProductService.Core.Application", "ServiceProviders\ProductService\1.Core\ProductService.Core.Application\ProductService.Core.Application.csproj", "{8D97AEBC-77FF-4E15-BE35-BCE5CF7E9D43}"
EndProject
Project("{FAE04EC0-301F-11D3-BF4B-00C04F79EFBC}") = "ProductService.Infra.Data", "ServiceProviders\ProductService\2.Infra\ProductService.Infra.Data\ProductService.Infra.Data.csproj", "{D3F364CB-3F90-49B8-965D-EADE14BC56D1}"
EndProject
Project("{FAE04EC0-301F-11D3-BF4B-00C04F79EFBC}") = "ProductService.EndPoint.WebApi", "ServiceProviders\ProductService\3.EndPoint\ProductService.EndPoint.WebApi\ProductService.EndPoint.WebApi.csproj", "{7D0979BB-08DB-4E73-BE05-C0AC68DF8F3F}"
EndProject
Project("{FAE04EC0-301F-11D3-BF4B-00C04F79EFBC}") = "SupportService.Core.Domain", "ServiceProviders\SupportService\1.Core\SupportService.Core.Domain\SupportService.Core.Domain.csproj", "{EF564BCC-8D38-4C37-908E-8B1412D2AF5A}"
EndProject
Project("{FAE04EC0-301F-11D3-BF4B-00C04F79EFBC}") = "SupportService.Core.Application", "ServiceProviders\SupportService\1.Core\SupportService.Core.Application\SupportService.Core.Application.csproj", "{550588C1-761C-471C-888F-56DEC80AD036}"
EndProject
Project("{FAE04EC0-301F-11D3-BF4B-00C04F79EFBC}") = "SupportService.Infra.Data", "ServiceProviders\SupportService\2.Infra\SupportService.Infra.Data\SupportService.Infra.Data.csproj", "{A10FDC9E-1632-498F-AA43-86E99C325CF6}"
EndProject
Project("{FAE04EC0-301F-11D3-BF4B-00C04F79EFBC}") = "SupportService.EndPoint.WebApi", "ServiceProviders\SupportService\3.EndPoint\SupportService.EndPoint.WebApi\SupportService.EndPoint.WebApi.csproj", "{A8109FC3-9A45-4873-9219-F049C3F12F8C}"
EndProject
Project("{FAE04EC0-301F-11D3-BF4B-00C04F79EFBC}") = "AuthApp", "Clients\AuthClient\AuthApp\AuthApp\AuthApp.csproj", "{8FA9E242-59D2-4604-9EDA-C1F971BF3A1F}"
EndProject
Project("{FAE04EC0-301F-11D3-BF4B-00C04F79EFBC}") = "AuthApp.Client", "Clients\AuthClient\AuthApp\AuthApp.Client\AuthApp.Client.csproj", "{F76B3667-30FD-49A3-B4F5-CE094D95E2E3}"
EndProject
Project("{FAE04EC0-301F-11D3-BF4B-00C04F79EFBC}") = "ProductApp", "Clients\ProductClient\ProductApp\ProductApp.csproj", "{E888E4AD-4E93-4E41-83D0-D5548B7A11EE}"
EndProject
Project("{FAE04EC0-301F-11D3-BF4B-00C04F79EFBC}") = "SupportApp", "Clients\SupportClient\SupportApp\SupportApp.csproj", "{84E7135C-022C-47A4-82F3-6DDF76FD2093}"
EndProject
Global
	GlobalSection(SolutionConfigurationPlatforms) = preSolution
		Debug|Any CPU = Debug|Any CPU
		Release|Any CPU = Release|Any CPU
	EndGlobalSection
	GlobalSection(ProjectConfigurationPlatforms) = postSolution
		{97FFD5A3-35C8-4FB9-A84C-29A993F94CD7}.Debug|Any CPU.ActiveCfg = Debug|Any CPU
		{97FFD5A3-35C8-4FB9-A84C-29A993F94CD7}.Debug|Any CPU.Build.0 = Debug|Any CPU
		{97FFD5A3-35C8-4FB9-A84C-29A993F94CD7}.Release|Any CPU.ActiveCfg = Release|Any CPU
		{97FFD5A3-35C8-4FB9-A84C-29A993F94CD7}.Release|Any CPU.Build.0 = Release|Any CPU
		{D2F04E23-1693-4B67-8E4F-C18F6D313D2C}.Debug|Any CPU.ActiveCfg = Debug|Any CPU
		{D2F04E23-1693-4B67-8E4F-C18F6D313D2C}.Debug|Any CPU.Build.0 = Debug|Any CPU
		{D2F04E23-1693-4B67-8E4F-C18F6D313D2C}.Release|Any CPU.ActiveCfg = Release|Any CPU
		{D2F04E23-1693-4B67-8E4F-C18F6D313D2C}.Release|Any CPU.Build.0 = Release|Any CPU
		{1129ACEB-569B-45EE-8D7B-2BA3A34F0EE4}.Debug|Any CPU.ActiveCfg = Debug|Any CPU
		{1129ACEB-569B-45EE-8D7B-2BA3A34F0EE4}.Debug|Any CPU.Build.0 = Debug|Any CPU
		{1129ACEB-569B-45EE-8D7B-2BA3A34F0EE4}.Release|Any CPU.ActiveCfg = Release|Any CPU
		{1129ACEB-569B-45EE-8D7B-2BA3A34F0EE4}.Release|Any CPU.Build.0 = Release|Any CPU
		{CF72EA0D-35D9-4237-BDA3-DA21471AF06F}.Debug|Any CPU.ActiveCfg = Debug|Any CPU
		{CF72EA0D-35D9-4237-BDA3-DA21471AF06F}.Debug|Any CPU.Build.0 = Debug|Any CPU
		{CF72EA0D-35D9-4237-BDA3-DA21471AF06F}.Release|Any CPU.ActiveCfg = Release|Any CPU
		{CF72EA0D-35D9-4237-BDA3-DA21471AF06F}.Release|Any CPU.Build.0 = Release|Any CPU
		{E5602AAD-83B8-4E00-8834-178E4FD37EE2}.Debug|Any CPU.ActiveCfg = Debug|Any CPU
		{E5602AAD-83B8-4E00-8834-178E4FD37EE2}.Debug|Any CPU.Build.0 = Debug|Any CPU
		{E5602AAD-83B8-4E00-8834-178E4FD37EE2}.Release|Any CPU.ActiveCfg = Release|Any CPU
		{E5602AAD-83B8-4E00-8834-178E4FD37EE2}.Release|Any CPU.Build.0 = Release|Any CPU
		{454912CE-AD8E-4954-BDB2-3DF3777D180C}.Debug|Any CPU.ActiveCfg = Debug|Any CPU
		{454912CE-AD8E-4954-BDB2-3DF3777D180C}.Debug|Any CPU.Build.0 = Debug|Any CPU
		{454912CE-AD8E-4954-BDB2-3DF3777D180C}.Release|Any CPU.ActiveCfg = Release|Any CPU
		{454912CE-AD8E-4954-BDB2-3DF3777D180C}.Release|Any CPU.Build.0 = Release|Any CPU
		{8D97AEBC-77FF-4E15-BE35-BCE5CF7E9D43}.Debug|Any CPU.ActiveCfg = Debug|Any CPU
		{8D97AEBC-77FF-4E15-BE35-BCE5CF7E9D43}.Debug|Any CPU.Build.0 = Debug|Any CPU
		{8D97AEBC-77FF-4E15-BE35-BCE5CF7E9D43}.Release|Any CPU.ActiveCfg = Release|Any CPU
		{8D97AEBC-77FF-4E15-BE35-BCE5CF7E9D43}.Release|Any CPU.Build.0 = Release|Any CPU
		{D3F364CB-3F90-49B8-965D-EADE14BC56D1}.Debug|Any CPU.ActiveCfg = Debug|Any CPU
		{D3F364CB-3F90-49B8-965D-EADE14BC56D1}.Debug|Any CPU.Build.0 = Debug|Any CPU
		{D3F364CB-3F90-49B8-965D-EADE14BC56D1}.Release|Any CPU.ActiveCfg = Release|Any CPU
		{D3F364CB-3F90-49B8-965D-EADE14BC56D1}.Release|Any CPU.Build.0 = Release|Any CPU
		{7D0979BB-08DB-4E73-BE05-C0AC68DF8F3F}.Debug|Any CPU.ActiveCfg = Debug|Any CPU
		{7D0979BB-08DB-4E73-BE05-C0AC68DF8F3F}.Debug|Any CPU.Build.0 = Debug|Any CPU
		{7D0979BB-08DB-4E73-BE05-C0AC68DF8F3F}.Release|Any CPU.ActiveCfg = Release|Any CPU
		{7D0979BB-08DB-4E73-BE05-C0AC68DF8F3F}.Release|Any CPU.Build.0 = Release|Any CPU
		{EF564BCC-8D38-4C37-908E-8B1412D2AF5A}.Debug|Any CPU.ActiveCfg = Debug|Any CPU
		{EF564BCC-8D38-4C37-908E-8B1412D2AF5A}.Debug|Any CPU.Build.0 = Debug|Any CPU
		{EF564BCC-8D38-4C37-908E-8B1412D2AF5A}.Release|Any CPU.ActiveCfg = Release|Any CPU
		{EF564BCC-8D38-4C37-908E-8B1412D2AF5A}.Release|Any CPU.Build.0 = Release|Any CPU
		{550588C1-761C-471C-888F-56DEC80AD036}.Debug|Any CPU.ActiveCfg = Debug|Any CPU
		{550588C1-761C-471C-888F-56DEC80AD036}.Debug|Any CPU.Build.0 = Debug|Any CPU
		{550588C1-761C-471C-888F-56DEC80AD036}.Release|Any CPU.ActiveCfg = Release|Any CPU
		{550588C1-761C-471C-888F-56DEC80AD036}.Release|Any CPU.Build.0 = Release|Any CPU
		{A10FDC9E-1632-498F-AA43-86E99C325CF6}.Debug|Any CPU.ActiveCfg = Debug|Any CPU
		{A10FDC9E-1632-498F-AA43-86E99C325CF6}.Debug|Any CPU.Build.0 = Debug|Any CPU
		{A10FDC9E-1632-498F-AA43-86E99C325CF6}.Release|Any CPU.ActiveCfg = Release|Any CPU
		{A10FDC9E-1632-498F-AA43-86E99C325CF6}.Release|Any CPU.Build.0 = Release|Any CPU
		{A8109FC3-9A45-4873-9219-F049C3F12F8C}.Debug|Any CPU.ActiveCfg = Debug|Any CPU
		{A8109FC3-9A45-4873-9219-F049C3F12F8C}.Debug|Any CPU.Build.0 = Debug|Any CPU
		{A8109FC3-9A45-4873-9219-F049C3F12F8C}.Release|Any CPU.ActiveCfg = Release|Any CPU
		{A8109FC3-9A45-4873-9219-F049C3F12F8C}.Release|Any CPU.Build.0 = Release|Any CPU
		{8FA9E242-59D2-4604-9EDA-C1F971BF3A1F}.Debug|Any CPU.ActiveCfg = Debug|Any CPU
		{8FA9E242-59D2-4604-9EDA-C1F971BF3A1F}.Debug|Any CPU.Build.0 = Debug|Any CPU
		{8FA9E242-59D2-4604-9EDA-C1F971BF3A1F}.Release|Any CPU.ActiveCfg = Release|Any CPU
		{8FA9E242-59D2-4604-9EDA-C1F971BF3A1F}.Release|Any CPU.Build.0 = Release|Any CPU
		{F76B3667-30FD-49A3-B4F5-CE094D95E2E3}.Debug|Any CPU.ActiveCfg = Debug|Any CPU
		{F76B3667-30FD-49A3-B4F5-CE094D95E2E3}.Debug|Any CPU.Build.0 = Debug|Any CPU
		{F76B3667-30FD-49A3-B4F5-CE094D95E2E3}.Release|Any CPU.ActiveCfg = Release|Any CPU
		{F76B3667-30FD-49A3-B4F5-CE094D95E2E3}.Release|Any CPU.Build.0 = Release|Any CPU
		{E888E4AD-4E93-4E41-83D0-D5548B7A11EE}.Debug|Any CPU.ActiveCfg = Debug|Any CPU
		{E888E4AD-4E93-4E41-83D0-D5548B7A11EE}.Debug|Any CPU.Build.0 = Debug|Any CPU
		{E888E4AD-4E93-4E41-83D0-D5548B7A11EE}.Release|Any CPU.ActiveCfg = Release|Any CPU
		{E888E4AD-4E93-4E41-83D0-D5548B7A11EE}.Release|Any CPU.Build.0 = Release|Any CPU
		{84E7135C-022C-47A4-82F3-6DDF76FD2093}.Debug|Any CPU.ActiveCfg = Debug|Any CPU
		{84E7135C-022C-47A4-82F3-6DDF76FD2093}.Debug|Any CPU.Build.0 = Debug|Any CPU
		{84E7135C-022C-47A4-82F3-6DDF76FD2093}.Release|Any CPU.ActiveCfg = Release|Any CPU
		{84E7135C-022C-47A4-82F3-6DDF76FD2093}.Release|Any CPU.Build.0 = Release|Any CPU
	EndGlobalSection
	GlobalSection(SolutionProperties) = preSolution
		HideSolutionNode = FALSE
	EndGlobalSection
	GlobalSection(NestedProjects) = preSolution
		{C49C08D7-28BC-4654-A195-F97F5D91D6D1} = {02EA681E-C7D8-13C7-8484-4AC65E1B71E8}
		{A4020123-3434-4E96-BEE3-C356AFD986BA} = {C49C08D7-28BC-4654-A195-F97F5D91D6D1}
		{3B1143B3-51FB-4684-A463-36212E423A4A} = {C49C08D7-28BC-4654-A195-F97F5D91D6D1}
		{750A8068-1B68-443E-8239-251E5B2031D8} = {C49C08D7-28BC-4654-A195-F97F5D91D6D1}
		{99B468D9-8CCF-46A6-98FE-B6196539AE54} = {02EA681E-C7D8-13C7-8484-4AC65E1B71E8}
		{84C6FF7D-11DA-4F6A-8407-A618E4433D33} = {02EA681E-C7D8-13C7-8484-4AC65E1B71E8}
		{F25D01DD-7D45-4521-A330-CBC4C80042AF} = {99B468D9-8CCF-46A6-98FE-B6196539AE54}
		{71363ECA-9FE3-4444-9DA2-1492F8B33122} = {99B468D9-8CCF-46A6-98FE-B6196539AE54}
		{A12ECD6F-AD9A-49FA-93DA-C84EDD7C6BC1} = {99B468D9-8CCF-46A6-98FE-B6196539AE54}
		{8B24B3FA-0625-44CD-821A-C2DFCCEB21BD} = {84C6FF7D-11DA-4F6A-8407-A618E4433D33}
		{F499E5B2-A84B-4EB6-BA3B-D165D6F97796} = {84C6FF7D-11DA-4F6A-8407-A618E4433D33}
		{7692B8FA-593C-4587-BD56-51782652C4A3} = {84C6FF7D-11DA-4F6A-8407-A618E4433D33}
		{61301356-FB0D-41E5-9834-041AB880C382} = {689085BC-C679-4DF9-8041-D9A2A0A8CBE6}
		{F06D3E0F-C78A-414C-B434-60302DC431F9} = {689085BC-C679-4DF9-8041-D9A2A0A8CBE6}
		{B6C6A207-BD67-4137-A4C7-2060744747BD} = {689085BC-C679-4DF9-8041-D9A2A0A8CBE6}
		{97FFD5A3-35C8-4FB9-A84C-29A993F94CD7} = {C212DFE8-7B43-47BC-B2D9-B9D7DF7447D3}
		{D2F04E23-1693-4B67-8E4F-C18F6D313D2C} = {A4020123-3434-4E96-BEE3-C356AFD986BA}
		{1129ACEB-569B-45EE-8D7B-2BA3A34F0EE4} = {A4020123-3434-4E96-BEE3-C356AFD986BA}
		{CF72EA0D-35D9-4237-BDA3-DA21471AF06F} = {3B1143B3-51FB-4684-A463-36212E423A4A}
		{E5602AAD-83B8-4E00-8834-178E4FD37EE2} = {750A8068-1B68-443E-8239-251E5B2031D8}
		{454912CE-AD8E-4954-BDB2-3DF3777D180C} = {F25D01DD-7D45-4521-A330-CBC4C80042AF}
		{8D97AEBC-77FF-4E15-BE35-BCE5CF7E9D43} = {F25D01DD-7D45-4521-A330-CBC4C80042AF}
		{D3F364CB-3F90-49B8-965D-EADE14BC56D1} = {71363ECA-9FE3-4444-9DA2-1492F8B33122}
		{7D0979BB-08DB-4E73-BE05-C0AC68DF8F3F} = {A12ECD6F-AD9A-49FA-93DA-C84EDD7C6BC1}
		{EF564BCC-8D38-4C37-908E-8B1412D2AF5A} = {7692B8FA-593C-4587-BD56-51782652C4A3}
		{550588C1-761C-471C-888F-56DEC80AD036} = {7692B8FA-593C-4587-BD56-51782652C4A3}
		{A10FDC9E-1632-498F-AA43-86E99C325CF6} = {F499E5B2-A84B-4EB6-BA3B-D165D6F97796}
		{A8109FC3-9A45-4873-9219-F049C3F12F8C} = {8B24B3FA-0625-44CD-821A-C2DFCCEB21BD}
		{8FA9E242-59D2-4604-9EDA-C1F971BF3A1F} = {61301356-FB0D-41E5-9834-041AB880C382}
		{F76B3667-30FD-49A3-B4F5-CE094D95E2E3} = {61301356-FB0D-41E5-9834-041AB880C382}
		{E888E4AD-4E93-4E41-83D0-D5548B7A11EE} = {F06D3E0F-C78A-414C-B434-60302DC431F9}
		{84E7135C-022C-47A4-82F3-6DDF76FD2093} = {B6C6A207-BD67-4137-A4C7-2060744747BD}
	EndGlobalSection
	GlobalSection(ExtensibilityGlobals) = postSolution
		SolutionGuid = {6E179FB8-09D8-4313-A8BE-39F124404A97}
	EndGlobalSection
EndGlobal
